
Microsoft Visual Studio Solution File, Format Version 12.00
# Visual Studio Version 16
VisualStudioVersion = 16.0.29409.12
MinimumVisualStudioVersion = 10.0.40219.1
Project("{FAE04EC0-301F-11D3-BF4B-00C04F79EFBC}") = "BLaST_3", "BLaST_3.csproj", "{273E0C6A-D845-4AB1-A6DC-914F59159C26}"
EndProject
Global
	GlobalSection(SolutionConfigurationPlatforms) = preSolution
		Debug|Any CPU = Debug|Any CPU
		Release|Any CPU = Release|Any CPU
	EndGlobalSection
	GlobalSection(ProjectConfigurationPlatforms) = postSolution
		{273E0C6A-D845-4AB1-A6DC-914F59159C26}.Debug|Any CPU.ActiveCfg = Debug|Any CPU
		{273E0C6A-D845-4AB1-A6DC-914F59159C26}.Debug|Any CPU.Build.0 = Debug|Any CPU
		{273E0C6A-D845-4AB1-A6DC-914F59159C26}.Release|Any CPU.ActiveCfg = Release|Any CPU
		{273E0C6A-D845-4AB1-A6DC-914F59159C26}.Release|Any CPU.Build.0 = Release|Any CPU
	EndGlobalSection
	GlobalSection(SolutionProperties) = preSolution
		HideSolutionNode = FALSE
	EndGlobalSection
	GlobalSection(ExtensibilityGlobals) = postSolution
		SolutionGuid = {FC64A7D2-B6AE-43A8-99ED-398E2B372090}
	EndGlobalSection
EndGlobal
